
Microsoft Visual Studio Solution File, Format Version 12.00
# Visual Studio Version 17
VisualStudioVersion = 17.11.35222.181
MinimumVisualStudioVersion = 10.0.40219.1
Project("{9A19103F-16F7-4668-BE54-9A1E7A4F7556}") = "ClientOMERO", "ClientOMERO\ClientOMERO.csproj", "{E13D87E8-5DFA-44BF-ABBE-043730F6AF0B}"
EndProject
Project("{FAE04EC0-301F-11D3-BF4B-00C04F79EFBC}") = "Client", "Client\Client.csproj", "{A1B09747-5A49-41F2-B119-BC95344AC21E}"
EndProject
Global
	GlobalSection(SolutionConfigurationPlatforms) = preSolution
		Debug|Any CPU = Debug|Any CPU
		Release|Any CPU = Release|Any CPU
	EndGlobalSection
	GlobalSection(ProjectConfigurationPlatforms) = postSolution
		{E13D87E8-5DFA-44BF-ABBE-043730F6AF0B}.Debug|Any CPU.ActiveCfg = Debug|Any CPU
		{E13D87E8-5DFA-44BF-ABBE-043730F6AF0B}.Debug|Any CPU.Build.0 = Debug|Any CPU
		{E13D87E8-5DFA-44BF-ABBE-043730F6AF0B}.Release|Any CPU.ActiveCfg = Release|Any CPU
		{E13D87E8-5DFA-44BF-ABBE-043730F6AF0B}.Release|Any CPU.Build.0 = Release|Any CPU
		{A1B09747-5A49-41F2-B119-BC95344AC21E}.Debug|Any CPU.ActiveCfg = Debug|Any CPU
		{A1B09747-5A49-41F2-B119-BC95344AC21E}.Debug|Any CPU.Build.0 = Debug|Any CPU
		{A1B09747-5A49-41F2-B119-BC95344AC21E}.Release|Any CPU.ActiveCfg = Release|Any CPU
		{A1B09747-5A49-41F2-B119-BC95344AC21E}.Release|Any CPU.Build.0 = Release|Any CPU
	EndGlobalSection
	GlobalSection(SolutionProperties) = preSolution
		HideSolutionNode = FALSE
	EndGlobalSection
	GlobalSection(ExtensibilityGlobals) = postSolution
		SolutionGuid = {0CB1571B-B3BB-4573-8FC2-3615D8FCDFA7}
	EndGlobalSection
EndGlobal
